DEPENDENCIES
  tynet-workstation
    path: .
    metadata: true

GRAPH
  build-essential (2.1.3)
  chef-client (4.2.4)
    cron (>= 1.2.0)
    logrotate (>= 1.2.0)
    windows (~> 1.11)
  chef_handler (1.1.6)
  cron (1.6.1)
  homebrew (1.12.0)
    build-essential (>= 2.1.2)
  logrotate (1.9.1)
  tynet-workstation (0.2.0)
    build-essential (~> 2.1.3)
    chef-client (~> 4.2.4)
    homebrew (~> 1.12.0)
  windows (1.36.6)
    chef_handler (>= 0.0.0)
